
Microsoft Visual Studio Solution File, Format Version 12.00
# Visual Studio Version 16
VisualStudioVersion = 16.0.29728.190
MinimumVisualStudioVersion = 10.0.40219.1
Project("{888888A0-9F3D-457C-B088-3A5042F75D52}") = "midnight cofee-read contents", "midnight cofee-read contents.pyproj", "{1B87DE6B-E43C-4F2C-9D1A-6BCFA8D06254}"
EndProject
Global
	GlobalSection(SolutionConfigurationPlatforms) = preSolution
		Debug|Any CPU = Debug|Any CPU
		Release|Any CPU = Release|Any CPU
	EndGlobalSection
	GlobalSection(ProjectConfigurationPlatforms) = postSolution
		{1B87DE6B-E43C-4F2C-9D1A-6BCFA8D06254}.Debug|Any CPU.ActiveCfg = Debug|Any CPU
		{1B87DE6B-E43C-4F2C-9D1A-6BCFA8D06254}.Release|Any CPU.ActiveCfg = Release|Any CPU
	EndGlobalSection
	GlobalSection(SolutionProperties) = preSolution
		HideSolutionNode = FALSE
	EndGlobalSection
	GlobalSection(ExtensibilityGlobals) = postSolution
		SolutionGuid = {EFBEFCEB-AB1C-4C50-8BA3-85E194EA4F13}
	EndGlobalSection
EndGlobal
